{
  "version": "4",
  "specifiers": {
    "npm:typescript@^5.7.2": "5.7.2"
  },
  "npm": {
    "typescript@5.7.2": {
      "integrity": "sha512-i5t66RHxDvVN40HfDd1PsEThGNnlMCMT3jMUuoh9/0TaqWevNontacunWyN02LA9/fIbEWlcHZcgTKb9QoaLfg=="
    }
  },
  "workspace": {
    "packageJson": {
      "dependencies": [
        "npm:typescript@^5.7.2",
        "npm:yarn-upgrade-all@~0.7.4"
      ]
    }
  }
}
