# THIS IS AN AUTOGENERATED FILE. DO NOT EDIT THIS FILE DIRECTLY.
# yarn lockfile v1


color-loggers@^0.3.1:
  version "0.3.2"
  resolved "https://registry.yarnpkg.com/color-loggers/-/color-loggers-0.3.2.tgz#04b12224f4ef3f78c1bdfb238f2cee50f72d7e51"
  integrity sha512-asfXyY1/9N+Cxt30jb0PFy5tccybuMnWVc9J8EJuYoJVlcsUshn+pt2QuyUB3BWKMXVvEH8jgLrCFs11Am8QZA==

typescript@^5.7.3:
  version "5.7.3"
  resolved "https://registry.yarnpkg.com/typescript/-/typescript-5.7.3.tgz#919b44a7dbb8583a9b856d162be24a54bf80073e"
  integrity sha512-84MVSjMEHP+FQRPy3pX9sTVV/INIex71s9TL2Gm5FG/WG1SqXeKyZ0k7/blY/4FdOzI12CBy1vGc4og/eus0fw==

yarn-upgrade-all@^0.7.4:
  version "0.7.4"
  resolved "https://registry.yarnpkg.com/yarn-upgrade-all/-/yarn-upgrade-all-0.7.4.tgz#bb23ca31e2b7028ef973fe48c882b24288988ad6"
  integrity sha512-poqeMyl5LD+xkw9YN322UHqctTf/N6FLpLsAVUllZqGcntEYkDuKL5r4p+zB67z5MaLs8F3qpPNlc9jNjXSABw==
  dependencies:
    color-loggers "^0.3.1"
