# THIS IS AN AUTOGENERATED FILE. DO NOT EDIT THIS FILE DIRECTLY.
# yarn lockfile v1


color-loggers@^0.3.2:
  version "0.3.2"
  resolved "https://registry.yarnpkg.com/color-loggers/-/color-loggers-0.3.2.tgz#04b12224f4ef3f78c1bdfb238f2cee50f72d7e51"
  integrity sha512-asfXyY1/9N+Cxt30jb0PFy5tccybuMnWVc9J8EJuYoJVlcsUshn+pt2QuyUB3BWKMXVvEH8jgLrCFs11Am8QZA==

typescript@^5.9.3:
  version "5.9.3"
  resolved "https://registry.yarnpkg.com/typescript/-/typescript-5.9.3.tgz#5b4f59e15310ab17a216f5d6cf53ee476ede670f"
  integrity sha512-jl1vZzPDinLr9eUt3J/t7V6FgNEw9QjvBPdysz9KfQDD41fQrC2Y4vKQdiaUpFT4bXlb1RHhLpp8wtm6M5TgSw==

yarn-upgrade-all@^0.7.5:
  version "0.7.5"
  resolved "https://registry.yarnpkg.com/yarn-upgrade-all/-/yarn-upgrade-all-0.7.5.tgz#dc0a8335234298a6d548d0956d78c45471aa34e8"
  integrity sha512-yC2DgKX2Vzeb4LznSHukF/U5AapE7i/A4cBoh8P2FsEy1RBPaXEdd320ZK5Phgj6/Y/1pmFkP36S7GxS0YrzCg==
  dependencies:
    color-loggers "^0.3.2"
